
Microsoft Visual Studio Solution File, Format Version 12.00
# Visual Studio 15
VisualStudioVersion = 15.0.28307.168
MinimumVisualStudioVersion = 10.0.40219.1
Project("{FAE04EC0-301F-11D3-BF4B-00C04F79EFBC}") = "Quan li diem HS tieu hoc", "Quan li diem HS tieu hoc\Quan li diem HS tieu hoc.csproj", "{62A94248-C137-4F0D-9D51-4BA6CF5441A4}"
EndProject
Global
	GlobalSection(SolutionConfigurationPlatforms) = preSolution
		Debug|Any CPU = Debug|Any CPU
		Release|Any CPU = Release|Any CPU
	EndGlobalSection
	GlobalSection(ProjectConfigurationPlatforms) = postSolution
		{62A94248-C137-4F0D-9D51-4BA6CF5441A4}.Debug|Any CPU.ActiveCfg = Debug|Any CPU
		{62A94248-C137-4F0D-9D51-4BA6CF5441A4}.Debug|Any CPU.Build.0 = Debug|Any CPU
		{62A94248-C137-4F0D-9D51-4BA6CF5441A4}.Release|Any CPU.ActiveCfg = Release|Any CPU
		{62A94248-C137-4F0D-9D51-4BA6CF5441A4}.Release|Any CPU.Build.0 = Release|Any CPU
	EndGlobalSection
	GlobalSection(SolutionProperties) = preSolution
		HideSolutionNode = FALSE
	EndGlobalSection
	GlobalSection(ExtensibilityGlobals) = postSolution
		SolutionGuid = {C98DE872-291C-4E15-B117-E550B5D1825B}
	EndGlobalSection
EndGlobal
